
Microsoft Visual Studio Solution File, Format Version 12.00
# Visual Studio Version 16
VisualStudioVersion = 16.0.31911.196
MinimumVisualStudioVersion = 10.0.40219.1
Project("{FAE04EC0-301F-11D3-BF4B-00C04F79EFBC}") = "ApplicationHealthCheck", "ApplicationHealthCheck.csproj", "{2C5C0C31-B44E-4FC6-B0B6-1F2A749D8BDA}"
EndProject
Global
	GlobalSection(SolutionConfigurationPlatforms) = preSolution
		Debug|Any CPU = Debug|Any CPU
		Release|Any CPU = Release|Any CPU
	EndGlobalSection
	GlobalSection(ProjectConfigurationPlatforms) = postSolution
		{2C5C0C31-B44E-4FC6-B0B6-1F2A749D8BDA}.Debug|Any CPU.ActiveCfg = Debug|Any CPU
		{2C5C0C31-B44E-4FC6-B0B6-1F2A749D8BDA}.Debug|Any CPU.Build.0 = Debug|Any CPU
		{2C5C0C31-B44E-4FC6-B0B6-1F2A749D8BDA}.Release|Any CPU.ActiveCfg = Release|Any CPU
		{2C5C0C31-B44E-4FC6-B0B6-1F2A749D8BDA}.Release|Any CPU.Build.0 = Release|Any CPU
	EndGlobalSection
	GlobalSection(SolutionProperties) = preSolution
		HideSolutionNode = FALSE
	EndGlobalSection
	GlobalSection(ExtensibilityGlobals) = postSolution
		SolutionGuid = {F9AAD2C1-A5E1-454B-B1C5-3AAE7B2D0D56}
	EndGlobalSection
EndGlobal
